// !$*UTF8*$!
{
	archiveVersion = 1;
	classes = {
	};
	objectVersion = 55;
	objects = {

/* Begin PBXBuildFile section */
		A4127E1828D644B900775852 /* AppDelegate.swift in Sources */ = {isa = PBXBuildFile; fileRef = A4127E1728D644B900775852 /* AppDelegate.swift */; };
		A4127E1A28D644B900775852 /* SceneDelegate.swift in Sources */ = {isa = PBXBuildFile; fileRef = A4127E1928D644B900775852 /* SceneDelegate.swift */; };
		A4127E1C28D644B900775852 /* MainViewController.swift in Sources */ = {isa = PBXBuildFile; fileRef = A4127E1B28D644B900775852 /* MainViewController.swift */; };
		A4127E1F28D644B900775852 /* Main.storyboard in Resources */ = {isa = PBXBuildFile; fileRef = A4127E1D28D644B900775852 /* Main.storyboard */; };
		A4127E2228D644B900775852 /* GuessFlag2.xcdatamodeld in Sources */ = {isa = PBXBuildFile; fileRef = A4127E2028D644B900775852 /* GuessFlag2.xcdatamodeld */; };
		A4127E2428D644BA00775852 /* Assets.xcassets in Resources */ = {isa = PBXBuildFile; fileRef = A4127E2328D644BA00775852 /* Assets.xcassets */; };
		A4127E2728D644BA00775852 /* LaunchScreen.storyboard in Resources */ = {isa = PBXBuildFile; fileRef = A4127E2528D644BA00775852 /* LaunchScreen.storyboard */; };
		A4127E2F28D6458B00775852 /* ClickersButtons.swift in Sources */ = {isa = PBXBuildFile; fileRef = A4127E2E28D6458B00775852 /* ClickersButtons.swift */; };
		A4127E3128D646B100775852 /* CountriesArrays.swift in Sources */ = {isa = PBXBuildFile; fileRef = A4127E3028D646B100775852 /* CountriesArrays.swift */; };
		A4127E3328D64EC400775852 /* Indicator.swift in Sources */ = {isa = PBXBuildFile; fileRef = A4127E3228D64EC400775852 /* Indicator.swift */; };
		A4127E3928DB89B600775852 /* LoadingViewController.swift in Sources */ = {isa = PBXBuildFile; fileRef = A4127E3828DB89B600775852 /* LoadingViewController.swift */; };
		A4343DCF298D848A00628F76 /* Visual.swift in Sources */ = {isa = PBXBuildFile; fileRef = A4343DCE298D848A00628F76 /* Visual.swift */; };
		A4343DD1298D8C3A00628F76 /* Functions.swift in Sources */ = {isa = PBXBuildFile; fileRef = A4343DD0298D8C3A00628F76 /* Functions.swift */; };
/* End PBXBuildFile section */

/* Begin PBXFileReference section */
		A4127E1428D644B900775852 /* GuessFlag2.app */ = {isa = PBXFileReference; explicitFileType = wrapper.application; includeInIndex = 0; path = GuessFlag2.app; sourceTree = BUILT_PRODUCTS_DIR; };
		A4127E1728D644B900775852 /* AppDelegate.swift */ = {isa = PBXFileReference; lastKnownFileType = sourcecode.swift; path = AppDelegate.swift; sourceTree = "<group>"; };
		A4127E1928D644B900775852 /* SceneDelegate.swift */ = {isa = PBXFileReference; lastKnownFileType = sourcecode.swift; path = SceneDelegate.swift; sourceTree = "<group>"; };
		A4127E1B28D644B900775852 /* MainViewController.swift */ = {isa = PBXFileReference; lastKnownFileType = sourcecode.swift; path = MainViewController.swift; sourceTree = "<group>"; };
		A4127E1E28D644B900775852 /* Base */ = {isa = PBXFileReference; lastKnownFileType = file.storyboard; name = Base; path = Base.lproj/Main.storyboard; sourceTree = "<group>"; };
		A4127E2128D644B900775852 /* GuessFlag2.xcdatamodel */ = {isa = PBXFileReference; explicitFileType = wrapper.xcdatamodel; path = GuessFlag2.xcdatamodel; sourceTree = "<group>"; };
		A4127E2328D644BA00775852 /* Assets.xcassets */ = {isa = PBXFileReference; lastKnownFileType = folder.assetcatalog; path = Assets.xcassets; sourceTree = "<group>"; };
		A4127E2628D644BA00775852 /* Base */ = {isa = PBXFileReference; lastKnownFileType = file.storyboard; name = Base; path = Base.lproj/LaunchScreen.storyboard; sourceTree = "<group>"; };
		A4127E2828D644BA00775852 /* Info.plist */ = {isa = PBXFileReference; lastKnownFileType = text.plist.xml; path = Info.plist; sourceTree = "<group>"; };
		A4127E2E28D6458B00775852 /* ClickersButtons.swift */ = {isa = PBXFileReference; lastKnownFileType = sourcecode.swift; path = ClickersButtons.swift; sourceTree = "<group>"; };
		A4127E3028D646B100775852 /* CountriesArrays.swift */ = {isa = PBXFileReference; lastKnownFileType = sourcecode.swift; path = CountriesArrays.swift; sourceTree = "<group>"; };
		A4127E3228D64EC400775852 /* Indicator.swift */ = {isa = PBXFileReference; lastKnownFileType = sourcecode.swift; path = Indicator.swift; sourceTree = "<group>"; };
		A4127E3828DB89B600775852 /* LoadingViewController.swift */ = {isa = PBXFileReference; lastKnownFileType = sourcecode.swift; path = LoadingViewController.swift; sourceTree = "<group>"; };
		A4343DCE298D848A00628F76 /* Visual.swift */ = {isa = PBXFileReference; lastKnownFileType = sourcecode.swift; path = Visual.swift; sourceTree = "<group>"; };
		A4343DD0298D8C3A00628F76 /* Functions.swift */ = {isa = PBXFileReference; lastKnownFileType = sourcecode.swift; path = Functions.swift; sourceTree = "<group>"; };
/* End PBXFileReference section */

/* Begin PBXFrameworksBuildPhase section */
		A4127E1128D644B900775852 /* Frameworks */ = {
			isa = PBXFrameworksBuildPhase;
			buildActionMask = 2147483647;
			files = (
			);
			runOnlyForDeploymentPostprocessing = 0;
		};
/* End PBXFrameworksBuildPhase section */

/* Begin PBXGroup section */
		A4127E0B28D644B900775852 = {
			isa = PBXGroup;
			children = (
				A4127E1628D644B900775852 /* GuessFlag2 */,
				A4127E1528D644B900775852 /* Products */,
			);
			sourceTree = "<group>";
		};
		A4127E1528D644B900775852 /* Products */ = {
			isa = PBXGroup;
			children = (
				A4127E1428D644B900775852 /* GuessFlag2.app */,
			);
			name = Products;
			sourceTree = "<group>";
		};
		A4127E1628D644B900775852 /* GuessFlag2 */ = {
			isa = PBXGroup;
			children = (
				A4127E1728D644B900775852 /* AppDelegate.swift */,
				A4127E1928D644B900775852 /* SceneDelegate.swift */,
				A4127E1B28D644B900775852 /* MainViewController.swift */,
				A4127E3828DB89B600775852 /* LoadingViewController.swift */,
				A4127E3628DB861100775852 /* Extensions for main view */,
				A4127E3728DB865300775852 /* Structs for main view */,
				A4127E1D28D644B900775852 /* Main.storyboard */,
				A4127E2328D644BA00775852 /* Assets.xcassets */,
				A4127E2528D644BA00775852 /* LaunchScreen.storyboard */,
				A4127E2828D644BA00775852 /* Info.plist */,
				A4127E2028D644B900775852 /* GuessFlag2.xcdatamodeld */,
			);
			path = GuessFlag2;
			sourceTree = "<group>";
		};
		A4127E3628DB861100775852 /* Extensions for main view */ = {
			isa = PBXGroup;
			children = (
				A4343DCE298D848A00628F76 /* Visual.swift */,
				A4343DD0298D8C3A00628F76 /* Functions.swift */,
			);
			path = "Extensions for main view";
			sourceTree = "<group>";
		};
		A4127E3728DB865300775852 /* Structs for main view */ = {
			isa = PBXGroup;
			children = (
				A4127E3228D64EC400775852 /* Indicator.swift */,
				A4127E3028D646B100775852 /* CountriesArrays.swift */,
				A4127E2E28D6458B00775852 /* ClickersButtons.swift */,
			);
			path = "Structs for main view";
			sourceTree = "<group>";
		};
/* End PBXGroup section */

/* Begin PBXNativeTarget section */
		A4127E1328D644B900775852 /* GuessFlag2 */ = {
			isa = PBXNativeTarget;
			buildConfigurationList = A4127E2B28D644BA00775852 /* Build configuration list for PBXNativeTarget "GuessFlag2" */;
			buildPhases = (
				A4127E1028D644B900775852 /* Sources */,
				A4127E1128D644B900775852 /* Frameworks */,
				A4127E1228D644B900775852 /* Resources */,
			);
			buildRules = (
			);
			dependencies = (
			);
			name = GuessFlag2;
			productName = GuessFlag2;
			productReference = A4127E1428D644B900775852 /* GuessFlag2.app */;
			productType = "com.apple.product-type.application";
		};
/* End PBXNativeTarget section */

/* Begin PBXProject section */
		A4127E0C28D644B900775852 /* Project object */ = {
			isa = PBXProject;
			attributes = {
				BuildIndependentTargetsInParallel = 1;
				LastSwiftUpdateCheck = 1340;
				LastUpgradeCheck = 1340;
				TargetAttributes = {
					A4127E1328D644B900775852 = {
						CreatedOnToolsVersion = 13.4.1;
					};
				};
			};
			buildConfigurationList = A4127E0F28D644B900775852 /* Build configuration list for PBXProject "GuessFlag2" */;
			compatibilityVersion = "Xcode 13.0";
			developmentRegion = en;
			hasScannedForEncodings = 0;
			knownRegions = (
				en,
				Base,
			);
			mainGroup = A4127E0B28D644B900775852;
			productRefGroup = A4127E1528D644B900775852 /* Products */;
			projectDirPath = "";
			projectRoot = "";
			targets = (
				A4127E1328D644B900775852 /* GuessFlag2 */,
			);
		};
/* End PBXProject section */

/* Begin PBXResourcesBuildPhase section */
		A4127E1228D644B900775852 /* Resources */ = {
			isa = PBXResourcesBuildPhase;
			buildActionMask = 2147483647;
			files = (
				A4127E2728D644BA00775852 /* LaunchScreen.storyboard in Resources */,
				A4127E2428D644BA00775852 /* Assets.xcassets in Resources */,
				A4127E1F28D644B900775852 /* Main.storyboard in Resources */,
			);
			runOnlyForDeploymentPostprocessing = 0;
		};
/* End PBXResourcesBuildPhase section */

/* Begin PBXSourcesBuildPhase section */
		A4127E1028D644B900775852 /* Sources */ = {
			isa = PBXSourcesBuildPhase;
			buildActionMask = 2147483647;
			files = (
				A4127E1C28D644B900775852 /* MainViewController.swift in Sources */,
				A4127E3328D64EC400775852 /* Indicator.swift in Sources */,
				A4127E2F28D6458B00775852 /* ClickersButtons.swift in Sources */,
				A4127E1828D644B900775852 /* AppDelegate.swift in Sources */,
				A4127E3928DB89B600775852 /* LoadingViewController.swift in Sources */,
				A4343DCF298D848A00628F76 /* Visual.swift in Sources */,
				A4127E2228D644B900775852 /* GuessFlag2.xcdatamodeld in Sources */,
				A4127E3128D646B100775852 /* CountriesArrays.swift in Sources */,
				A4127E1A28D644B900775852 /* SceneDelegate.swift in Sources */,
				A4343DD1298D8C3A00628F76 /* Functions.swift in Sources */,
			);
			runOnlyForDeploymentPostprocessing = 0;
		};
/* End PBXSourcesBuildPhase section */

/* Begin PBXVariantGroup section */
		A4127E1D28D644B900775852 /* Main.storyboard */ = {
			isa = PBXVariantGroup;
			children = (
				A4127E1E28D644B900775852 /* Base */,
			);
			name = Main.storyboard;
			sourceTree = "<group>";
		};
		A4127E2528D644BA00775852 /* LaunchScreen.storyboard */ = {
			isa = PBXVariantGroup;
			children = (
				A4127E2628D644BA00775852 /* Base */,
			);
			name = LaunchScreen.storyboard;
			sourceTree = "<group>";
		};
/* End PBXVariantGroup section */

/* Begin XCBuildConfiguration section */
		A4127E2928D644BA00775852 /* Debug */ = {
			isa = XCBuildConfiguration;
			buildSettings = {
				ALWAYS_SEARCH_USER_PATHS = NO;
				CLANG_ANALYZER_NONNULL = YES;
				CLANG_ANALYZER_NUMBER_OBJECT_CONVERSION = YES_AGGRESSIVE;
				CLANG_CXX_LANGUAGE_STANDARD = "gnu++17";
				CLANG_ENABLE_MODULES = YES;
				CLANG_ENABLE_OBJC_ARC = YES;
				CLANG_ENABLE_OBJC_WEAK = YES;
				CLANG_WARN_BLOCK_CAPTURE_AUTORELEASING = YES;
				CLANG_WARN_BOOL_CONVERSION = YES;
				CLANG_WARN_COMMA = YES;
				CLANG_WARN_CONSTANT_CONVERSION = YES;
				CLANG_WARN_DEPRECATED_OBJC_IMPLEMENTATIONS = YES;
				CLANG_WARN_DIRECT_OBJC_ISA_USAGE = YES_ERROR;
				CLANG_WARN_DOCUMENTATION_COMMENTS = YES;
				CLANG_WARN_EMPTY_BODY = YES;
				CLANG_WARN_ENUM_CONVERSION = YES;
				CLANG_WARN_INFINITE_RECURSION = YES;
				CLANG_WARN_INT_CONVERSION = YES;
				CLANG_WARN_NON_LITERAL_NULL_CONVERSION = YES;
				CLANG_WARN_OBJC_IMPLICIT_RETAIN_SELF = YES;
				CLANG_WARN_OBJC_LITERAL_CONVERSION = YES;
				CLANG_WARN_OBJC_ROOT_CLASS = YES_ERROR;
				CLANG_WARN_QUOTED_INCLUDE_IN_FRAMEWORK_HEADER = YES;
				CLANG_WARN_RANGE_LOOP_ANALYSIS = YES;
				CLANG_WARN_STRICT_PROTOTYPES = YES;
				CLANG_WARN_SUSPICIOUS_MOVE = YES;
				CLANG_WARN_UNGUARDED_AVAILABILITY = YES_AGGRESSIVE;
				CLANG_WARN_UNREACHABLE_CODE = YES;
				CLANG_WARN__DUPLICATE_METHOD_MATCH = YES;
				COPY_PHASE_STRIP = NO;
				DEBUG_INFORMATION_FORMAT = dwarf;
				ENABLE_STRICT_OBJC_MSGSEND = YES;
				ENABLE_TESTABILITY = YES;
				GCC_C_LANGUAGE_STANDARD = gnu11;
				GCC_DYNAMIC_NO_PIC = NO;
				GCC_NO_COMMON_BLOCKS = YES;
				GCC_OPTIMIZATION_LEVEL = 0;
				GCC_PREPROCESSOR_DEFINITIONS = (
					"DEBUG=1",
					"$(inherited)",
				);
				GCC_WARN_64_TO_32_BIT_CONVERSION = YES;
				GCC_WARN_ABOUT_RETURN_TYPE = YES_ERROR;
				GCC_WARN_UNDECLARED_SELECTOR = YES;
				GCC_WARN_UNINITIALIZED_AUTOS = YES_AGGRESSIVE;
				GCC_WARN_UNUSED_FUNCTION = YES;
				GCC_WARN_UNUSED_VARIABLE = YES;
				IPHONEOS_DEPLOYMENT_TARGET = 15.5;
				MTL_ENABLE_DEBUG_INFO = INCLUDE_SOURCE;
				MTL_FAST_MATH = YES;
				ONLY_ACTIVE_ARCH = YES;
				SDKROOT = iphoneos;
				SWIFT_ACTIVE_COMPILATION_CONDITIONS = DEBUG;
				SWIFT_OPTIMIZATION_LEVEL = "-Onone";
			};
			name = Debug;
		};
		A4127E2A28D644BA00775852 /* Release */ = {
			isa = XCBuildConfiguration;
			buildSettings = {
				ALWAYS_SEARCH_USER_PATHS = NO;
				CLANG_ANALYZER_NONNULL = YES;
				CLANG_ANALYZER_NUMBER_OBJECT_CONVERSION = YES_AGGRESSIVE;
				CLANG_CXX_LANGUAGE_STANDARD = "gnu++17";
				CLANG_ENABLE_MODULES = YES;
				CLANG_ENABLE_OBJC_ARC = YES;
				CLANG_ENABLE_OBJC_WEAK = YES;
				CLANG_WARN_BLOCK_CAPTURE_AUTORELEASING = YES;
				CLANG_WARN_BOOL_CONVERSION = YES;
				CLANG_WARN_COMMA = YES;
				CLANG_WARN_CONSTANT_CONVERSION = YES;
				CLANG_WARN_DEPRECATED_OBJC_IMPLEMENTATIONS = YES;
				CLANG_WARN_DIRECT_OBJC_ISA_USAGE = YES_ERROR;
				CLANG_WARN_DOCUMENTATION_COMMENTS = YES;
				CLANG_WARN_EMPTY_BODY = YES;
				CLANG_WARN_ENUM_CONVERSION = YES;
				CLANG_WARN_INFINITE_RECURSION = YES;
				CLANG_WARN_INT_CONVERSION = YES;
				CLANG_WARN_NON_LITERAL_NULL_CONVERSION = YES;
				CLANG_WARN_OBJC_IMPLICIT_RETAIN_SELF = YES;
				CLANG_WARN_OBJC_LITERAL_CONVERSION = YES;
				CLANG_WARN_OBJC_ROOT_CLASS = YES_ERROR;
				CLANG_WARN_QUOTED_INCLUDE_IN_FRAMEWORK_HEADER = YES;
				CLANG_WARN_RANGE_LOOP_ANALYSIS = YES;
				CLANG_WARN_STRICT_PROTOTYPES = YES;
				CLANG_WARN_SUSPICIOUS_MOVE = YES;
				CLANG_WARN_UNGUARDED_AVAILABILITY = YES_AGGRESSIVE;
				CLANG_WARN_UNREACHABLE_CODE = YES;
				CLANG_WARN__DUPLICATE_METHOD_MATCH = YES;
				COPY_PHASE_STRIP = NO;
				DEBUG_INFORMATION_FORMAT = "dwarf-with-dsym";
				ENABLE_NS_ASSERTIONS = NO;
				ENABLE_STRICT_OBJC_MSGSEND = YES;
				GCC_C_LANGUAGE_STANDARD = gnu11;
				GCC_NO_COMMON_BLOCKS = YES;
				GCC_WARN_64_TO_32_BIT_CONVERSION = YES;
				GCC_WARN_ABOUT_RETURN_TYPE = YES_ERROR;
				GCC_WARN_UNDECLARED_SELECTOR = YES;
				GCC_WARN_UNINITIALIZED_AUTOS = YES_AGGRESSIVE;
				GCC_WARN_UNUSED_FUNCTION = YES;
				GCC_WARN_UNUSED_VARIABLE = YES;
				IPHONEOS_DEPLOYMENT_TARGET = 15.5;
				MTL_ENABLE_DEBUG_INFO = NO;
				MTL_FAST_MATH = YES;
				SDKROOT = iphoneos;
				SWIFT_COMPILATION_MODE = wholemodule;
				SWIFT_OPTIMIZATION_LEVEL = "-O";
				VALIDATE_PRODUCT = YES;
			};
			name = Release;
		};
		A4127E2C28D644BA00775852 /* Debug */ = {
			isa = XCBuildConfiguration;
			buildSettings = {
				ASSETCATALOG_COMPILER_APPICON_NAME = AppIcon;
				ASSETCATALOG_COMPILER_GLOBAL_ACCENT_COLOR_NAME = AccentColor;
				CODE_SIGN_STYLE = Automatic;
				CURRENT_PROJECT_VERSION = 1;
				DEVELOPMENT_TEAM = WS5WFL9CRG;
				GENERATE_INFOPLIST_FILE = YES;
				INFOPLIST_FILE = GuessFlag2/Info.plist;
				INFOPLIST_KEY_UIApplicationSupportsIndirectInputEvents = YES;
				INFOPLIST_KEY_UILaunchStoryboardName = LaunchScreen;
				INFOPLIST_KEY_UIMainStoryboardFile = Main;
				INFOPLIST_KEY_UISupportedInterfaceOrientations_iPad = "UIInterfaceOrientationPortrait UIInterfaceOrientationPortraitUpsideDown UIInterfaceOrientationLandscapeLeft UIInterfaceOrientationLandscapeRight";
				INFOPLIST_KEY_UISupportedInterfaceOrientations_iPhone = "UIInterfaceOrientationPortrait UIInterfaceOrientationLandscapeLeft UIInterfaceOrientationLandscapeRight";
				LD_RUNPATH_SEARCH_PATHS = (
					"$(inherited)",
					"@executable_path/Frameworks",
				);
				MARKETING_VERSION = 1.0;
				PRODUCT_BUNDLE_IDENTIFIER = kodausch.GuessFlag2;
				PRODUCT_NAME = "$(TARGET_NAME)";
				SWIFT_EMIT_LOC_STRINGS = YES;
				SWIFT_VERSION = 5.0;
				TARGETED_DEVICE_FAMILY = 1;
			};
			name = Debug;
		};
		A4127E2D28D644BA00775852 /* Release */ = {
			isa = XCBuildConfiguration;
			buildSettings = {
				ASSETCATALOG_COMPILER_APPICON_NAME = AppIcon;
				ASSETCATALOG_COMPILER_GLOBAL_ACCENT_COLOR_NAME = AccentColor;
				CODE_SIGN_STYLE = Automatic;
				CURRENT_PROJECT_VERSION = 1;
				DEVELOPMENT_TEAM = WS5WFL9CRG;
				GENERATE_INFOPLIST_FILE = YES;
				INFOPLIST_FILE = GuessFlag2/Info.plist;
				INFOPLIST_KEY_UIApplicationSupportsIndirectInputEvents = YES;
				INFOPLIST_KEY_UILaunchStoryboardName = LaunchScreen;
				INFOPLIST_KEY_UIMainStoryboardFile = Main;
				INFOPLIST_KEY_UISupportedInterfaceOrientations_iPad = "UIInterfaceOrientationPortrait UIInterfaceOrientationPortraitUpsideDown UIInterfaceOrientationLandscapeLeft UIInterfaceOrientationLandscapeRight";
				INFOPLIST_KEY_UISupportedInterfaceOrientations_iPhone = "UIInterfaceOrientationPortrait UIInterfaceOrientationLandscapeLeft UIInterfaceOrientationLandscapeRight";
				LD_RUNPATH_SEARCH_PATHS = (
					"$(inherited)",
					"@executable_path/Frameworks",
				);
				MARKETING_VERSION = 1.0;
				PRODUCT_BUNDLE_IDENTIFIER = kodausch.GuessFlag2;
				PRODUCT_NAME = "$(TARGET_NAME)";
				SWIFT_EMIT_LOC_STRINGS = YES;
				SWIFT_VERSION = 5.0;
				TARGETED_DEVICE_FAMILY = 1;
			};
			name = Release;
		};
/* End XCBuildConfiguration section */

/* Begin XCConfigurationList section */
		A4127E0F28D644B900775852 /* Build configuration list for PBXProject "GuessFlag2" */ = {
			isa = XCConfigurationList;
			buildConfigurations = (
				A4127E2928D644BA00775852 /* Debug */,
				A4127E2A28D644BA00775852 /* Release */,
			);
			defaultConfigurationIsVisible = 0;
			defaultConfigurationName = Release;
		};
		A4127E2B28D644BA00775852 /* Build configuration list for PBXNativeTarget "GuessFlag2" */ = {
			isa = XCConfigurationList;
			buildConfigurations = (
				A4127E2C28D644BA00775852 /* Debug */,
				A4127E2D28D644BA00775852 /* Release */,
			);
			defaultConfigurationIsVisible = 0;
			defaultConfigurationName = Release;
		};
/* End XCConfigurationList section */

/* Begin XCVersionGroup section */
		A4127E2028D644B900775852 /* GuessFlag2.xcdatamodeld */ = {
			isa = XCVersionGroup;
			children = (
				A4127E2128D644B900775852 /* GuessFlag2.xcdatamodel */,
			);
			currentVersion = A4127E2128D644B900775852 /* GuessFlag2.xcdatamodel */;
			path = GuessFlag2.xcdatamodeld;
			sourceTree = "<group>";
			versionGroupType = wrapper.xcdatamodel;
		};
/* End XCVersionGroup section */
	};
	rootObject = A4127E0C28D644B900775852 /* Project object */;
}
